{
    "_readme": [
        "This file locks the dependencies of your project to a known state",
        "Read more about it at https://getcomposer.org/doc/01-basic-usage.md#installing-dependencies",
        "This file is @generated automatically"
    ],
    "content-hash": "05dfe0f0f8be507485fbf19c97c057e6",
    "packages": [
        {
            "name": "haydenpierce/class-finder",
            "version": "0.5.3",
            "source": {
                "type": "git",
                "url": "git@gitlab.com:hpierce1102/ClassFinder.git",
                "reference": "40703445c18784edcc6411703e7c3869af11ec8c"
            },
            "dist": {
                "type": "zip",
                "url": "https://gitlab.com/api/v4/projects/hpierce1102%2FClassFinder/repository/archive.zip?sha=40703445c18784edcc6411703e7c3869af11ec8c",
                "reference": "40703445c18784edcc6411703e7c3869af11ec8c",
                "shasum": ""
            },
            "require": {
                "ext-json": "*",
                "php": ">=5.3"
            },
            "require-dev": {
                "mikey179/vfsstream": "^1.6",
                "phpunit/phpunit": "~9.0"
            },
            "type": "library",
            "autoload": {
                "psr-4": {
                    "HaydenPierce\\ClassFinder\\": "src/",
                    "HaydenPierce\\ClassFinder\\UnitTest\\": "test/unit"
                }
            },
            "notification-url": "https://packagist.org/downloads/",
            "license": [
                "MIT"
            ],
            "authors": [
                {
                    "name": "Hayden Pierce",
                    "email": "hayden@haydenpierce.com"
                }
            ],
            "description": "A library that can provide of a list of classes in a given namespace",
            "time": "2023-06-18T17:43:01+00:00"
        }
    ],
    "packages-dev": [],
    "aliases": [],
    "minimum-stability": "stable",
    "stability-flags": [],
    "prefer-stable": false,
    "prefer-lowest": false,
    "platform": [],
    "platform-dev": [],
    "plugin-api-version": "2.3.0"
}
